
Microsoft Visual Studio Solution File, Format Version 12.00
# Visual Studio Version 17
VisualStudioVersion = 17.4.33205.214
MinimumVisualStudioVersion = 10.0.40219.1
Project("{FAE04EC0-301F-11D3-BF4B-00C04F79EFBC}") = "Atividade_exF01", "Atividade_exF01\Atividade_exF01.csproj", "{2CD43861-8B36-49B3-9223-8B0DB58AA00D}"
EndProject
Global
	GlobalSection(SolutionConfigurationPlatforms) = preSolution
		Debug|Any CPU = Debug|Any CPU
		Release|Any CPU = Release|Any CPU
	EndGlobalSection
	GlobalSection(ProjectConfigurationPlatforms) = postSolution
		{2CD43861-8B36-49B3-9223-8B0DB58AA00D}.Debug|Any CPU.ActiveCfg = Debug|Any CPU
		{2CD43861-8B36-49B3-9223-8B0DB58AA00D}.Debug|Any CPU.Build.0 = Debug|Any CPU
		{2CD43861-8B36-49B3-9223-8B0DB58AA00D}.Release|Any CPU.ActiveCfg = Release|Any CPU
		{2CD43861-8B36-49B3-9223-8B0DB58AA00D}.Release|Any CPU.Build.0 = Release|Any CPU
	EndGlobalSection
	GlobalSection(SolutionProperties) = preSolution
		HideSolutionNode = FALSE
	EndGlobalSection
	GlobalSection(ExtensibilityGlobals) = postSolution
		SolutionGuid = {FFBDF5BB-636C-43B4-9383-AD5B1179BE09}
	EndGlobalSection
EndGlobal
