
Microsoft Visual Studio Solution File, Format Version 12.00
# Visual Studio Version 17
VisualStudioVersion = 17.4.33205.214
MinimumVisualStudioVersion = 10.0.40219.1
Project("{FAE04EC0-301F-11D3-BF4B-00C04F79EFBC}") = "Problema10_duracao", "Problema10_duracao\Problema10_duracao.csproj", "{7EC81E38-8C1F-472F-A08E-81B2845FDACF}"
EndProject
Global
	GlobalSection(SolutionConfigurationPlatforms) = preSolution
		Debug|Any CPU = Debug|Any CPU
		Release|Any CPU = Release|Any CPU
	EndGlobalSection
	GlobalSection(ProjectConfigurationPlatforms) = postSolution
		{7EC81E38-8C1F-472F-A08E-81B2845FDACF}.Debug|Any CPU.ActiveCfg = Debug|Any CPU
		{7EC81E38-8C1F-472F-A08E-81B2845FDACF}.Debug|Any CPU.Build.0 = Debug|Any CPU
		{7EC81E38-8C1F-472F-A08E-81B2845FDACF}.Release|Any CPU.ActiveCfg = Release|Any CPU
		{7EC81E38-8C1F-472F-A08E-81B2845FDACF}.Release|Any CPU.Build.0 = Release|Any CPU
	EndGlobalSection
	GlobalSection(SolutionProperties) = preSolution
		HideSolutionNode = FALSE
	EndGlobalSection
	GlobalSection(ExtensibilityGlobals) = postSolution
		SolutionGuid = {FAEB69B9-5CD2-4FE6-9545-29D8AC5AD88C}
	EndGlobalSection
EndGlobal
