
Microsoft Visual Studio Solution File, Format Version 12.00
# Visual Studio Version 17
VisualStudioVersion = 17.4.33205.214
MinimumVisualStudioVersion = 10.0.40219.1
Project("{FAE04EC0-301F-11D3-BF4B-00C04F79EFBC}") = "ExsPropostos208", "ExsPropostos208\ExsPropostos208.csproj", "{61B87C7E-253F-4AF4-87D5-2409C84FF08F}"
EndProject
Global
	GlobalSection(SolutionConfigurationPlatforms) = preSolution
		Debug|Any CPU = Debug|Any CPU
		Release|Any CPU = Release|Any CPU
	EndGlobalSection
	GlobalSection(ProjectConfigurationPlatforms) = postSolution
		{61B87C7E-253F-4AF4-87D5-2409C84FF08F}.Debug|Any CPU.ActiveCfg = Debug|Any CPU
		{61B87C7E-253F-4AF4-87D5-2409C84FF08F}.Debug|Any CPU.Build.0 = Debug|Any CPU
		{61B87C7E-253F-4AF4-87D5-2409C84FF08F}.Release|Any CPU.ActiveCfg = Release|Any CPU
		{61B87C7E-253F-4AF4-87D5-2409C84FF08F}.Release|Any CPU.Build.0 = Release|Any CPU
	EndGlobalSection
	GlobalSection(SolutionProperties) = preSolution
		HideSolutionNode = FALSE
	EndGlobalSection
	GlobalSection(ExtensibilityGlobals) = postSolution
		SolutionGuid = {B7B0BFCA-E276-42AF-BD5E-269A1B7EB2DE}
	EndGlobalSection
EndGlobal
