
Microsoft Visual Studio Solution File, Format Version 12.00
# Visual Studio Version 17
VisualStudioVersion = 17.4.33110.190
MinimumVisualStudioVersion = 10.0.40219.1
Project("{FAE04EC0-301F-11D3-BF4B-00C04F79EFBC}") = "P.O_01", "P.O_01\P.O_01.csproj", "{E1C01920-0313-44BB-A587-73CE49EAE279}"
EndProject
Global
	GlobalSection(SolutionConfigurationPlatforms) = preSolution
		Debug|Any CPU = Debug|Any CPU
		Release|Any CPU = Release|Any CPU
	EndGlobalSection
	GlobalSection(ProjectConfigurationPlatforms) = postSolution
		{E1C01920-0313-44BB-A587-73CE49EAE279}.Debug|Any CPU.ActiveCfg = Debug|Any CPU
		{E1C01920-0313-44BB-A587-73CE49EAE279}.Debug|Any CPU.Build.0 = Debug|Any CPU
		{E1C01920-0313-44BB-A587-73CE49EAE279}.Release|Any CPU.ActiveCfg = Release|Any CPU
		{E1C01920-0313-44BB-A587-73CE49EAE279}.Release|Any CPU.Build.0 = Release|Any CPU
	EndGlobalSection
	GlobalSection(SolutionProperties) = preSolution
		HideSolutionNode = FALSE
	EndGlobalSection
	GlobalSection(ExtensibilityGlobals) = postSolution
		SolutionGuid = {87180B60-2D21-4DE7-A396-8C3F01C92D82}
	EndGlobalSection
EndGlobal
