
Microsoft Visual Studio Solution File, Format Version 12.00
# Visual Studio Version 17
VisualStudioVersion = 17.4.33205.214
MinimumVisualStudioVersion = 10.0.40219.1
Project("{FAE04EC0-301F-11D3-BF4B-00C04F79EFBC}") = "Questao04", "Questao04\Questao04.csproj", "{D2764B15-5C84-4F04-B18D-9A071E3FFEC1}"
EndProject
Global
	GlobalSection(SolutionConfigurationPlatforms) = preSolution
		Debug|Any CPU = Debug|Any CPU
		Release|Any CPU = Release|Any CPU
	EndGlobalSection
	GlobalSection(ProjectConfigurationPlatforms) = postSolution
		{D2764B15-5C84-4F04-B18D-9A071E3FFEC1}.Debug|Any CPU.ActiveCfg = Debug|Any CPU
		{D2764B15-5C84-4F04-B18D-9A071E3FFEC1}.Debug|Any CPU.Build.0 = Debug|Any CPU
		{D2764B15-5C84-4F04-B18D-9A071E3FFEC1}.Release|Any CPU.ActiveCfg = Release|Any CPU
		{D2764B15-5C84-4F04-B18D-9A071E3FFEC1}.Release|Any CPU.Build.0 = Release|Any CPU
	EndGlobalSection
	GlobalSection(SolutionProperties) = preSolution
		HideSolutionNode = FALSE
	EndGlobalSection
	GlobalSection(ExtensibilityGlobals) = postSolution
		SolutionGuid = {262F6114-F748-494F-957F-A85F2179494F}
	EndGlobalSection
EndGlobal
