
Microsoft Visual Studio Solution File, Format Version 12.00
# Visual Studio Version 17
VisualStudioVersion = 17.4.33205.214
MinimumVisualStudioVersion = 10.0.40219.1
Project("{FAE04EC0-301F-11D3-BF4B-00C04F79EFBC}") = "problema04_soma", "problema04_soma\problema04_soma.csproj", "{31C6BE11-485C-4740-B196-76E59DD38D2A}"
EndProject
Global
	GlobalSection(SolutionConfigurationPlatforms) = preSolution
		Debug|Any CPU = Debug|Any CPU
		Release|Any CPU = Release|Any CPU
	EndGlobalSection
	GlobalSection(ProjectConfigurationPlatforms) = postSolution
		{31C6BE11-485C-4740-B196-76E59DD38D2A}.Debug|Any CPU.ActiveCfg = Debug|Any CPU
		{31C6BE11-485C-4740-B196-76E59DD38D2A}.Debug|Any CPU.Build.0 = Debug|Any CPU
		{31C6BE11-485C-4740-B196-76E59DD38D2A}.Release|Any CPU.ActiveCfg = Release|Any CPU
		{31C6BE11-485C-4740-B196-76E59DD38D2A}.Release|Any CPU.Build.0 = Release|Any CPU
	EndGlobalSection
	GlobalSection(SolutionProperties) = preSolution
		HideSolutionNode = FALSE
	EndGlobalSection
	GlobalSection(ExtensibilityGlobals) = postSolution
		SolutionGuid = {1F46E049-B642-4B18-B5AA-4E84F2070949}
	EndGlobalSection
EndGlobal
