
Microsoft Visual Studio Solution File, Format Version 12.00
# Visual Studio Version 17
VisualStudioVersion = 17.4.33205.214
MinimumVisualStudioVersion = 10.0.40219.1
Project("{FAE04EC0-301F-11D3-BF4B-00C04F79EFBC}") = "Problema04_troco_verificado", "Problema04_troco_verificado\Problema04_troco_verificado.csproj", "{0DCA2842-E06B-4117-B827-82C4609FAAFB}"
EndProject
Global
	GlobalSection(SolutionConfigurationPlatforms) = preSolution
		Debug|Any CPU = Debug|Any CPU
		Release|Any CPU = Release|Any CPU
	EndGlobalSection
	GlobalSection(ProjectConfigurationPlatforms) = postSolution
		{0DCA2842-E06B-4117-B827-82C4609FAAFB}.Debug|Any CPU.ActiveCfg = Debug|Any CPU
		{0DCA2842-E06B-4117-B827-82C4609FAAFB}.Debug|Any CPU.Build.0 = Debug|Any CPU
		{0DCA2842-E06B-4117-B827-82C4609FAAFB}.Release|Any CPU.ActiveCfg = Release|Any CPU
		{0DCA2842-E06B-4117-B827-82C4609FAAFB}.Release|Any CPU.Build.0 = Release|Any CPU
	EndGlobalSection
	GlobalSection(SolutionProperties) = preSolution
		HideSolutionNode = FALSE
	EndGlobalSection
	GlobalSection(ExtensibilityGlobals) = postSolution
		SolutionGuid = {7730B419-95C1-409F-8999-6E21DB4A51DD}
	EndGlobalSection
EndGlobal
