
Microsoft Visual Studio Solution File, Format Version 12.00
# Visual Studio Version 17
VisualStudioVersion = 17.4.33205.214
MinimumVisualStudioVersion = 10.0.40219.1
Project("{FAE04EC0-301F-11D3-BF4B-00C04F79EFBC}") = "Problema07_pagamento", "Problema07_pagamento\Problema07_pagamento.csproj", "{471DCCFF-FDD2-4832-986B-A53848E07691}"
EndProject
Global
	GlobalSection(SolutionConfigurationPlatforms) = preSolution
		Debug|Any CPU = Debug|Any CPU
		Release|Any CPU = Release|Any CPU
	EndGlobalSection
	GlobalSection(ProjectConfigurationPlatforms) = postSolution
		{471DCCFF-FDD2-4832-986B-A53848E07691}.Debug|Any CPU.ActiveCfg = Debug|Any CPU
		{471DCCFF-FDD2-4832-986B-A53848E07691}.Debug|Any CPU.Build.0 = Debug|Any CPU
		{471DCCFF-FDD2-4832-986B-A53848E07691}.Release|Any CPU.ActiveCfg = Release|Any CPU
		{471DCCFF-FDD2-4832-986B-A53848E07691}.Release|Any CPU.Build.0 = Release|Any CPU
	EndGlobalSection
	GlobalSection(SolutionProperties) = preSolution
		HideSolutionNode = FALSE
	EndGlobalSection
	GlobalSection(ExtensibilityGlobals) = postSolution
		SolutionGuid = {2900B620-AF24-41BA-BC98-0052C87C9DC3}
	EndGlobalSection
EndGlobal
