
Microsoft Visual Studio Solution File, Format Version 12.00
# Visual Studio Version 17
VisualStudioVersion = 17.4.33205.214
MinimumVisualStudioVersion = 10.0.40219.1
Project("{FAE04EC0-301F-11D3-BF4B-00C04F79EFBC}") = "ExsPropostos302", "ExsPropostos302\ExsPropostos302.csproj", "{41AD8539-BAC5-4DB4-9022-2976B4C020B0}"
EndProject
Global
	GlobalSection(SolutionConfigurationPlatforms) = preSolution
		Debug|Any CPU = Debug|Any CPU
		Release|Any CPU = Release|Any CPU
	EndGlobalSection
	GlobalSection(ProjectConfigurationPlatforms) = postSolution
		{41AD8539-BAC5-4DB4-9022-2976B4C020B0}.Debug|Any CPU.ActiveCfg = Debug|Any CPU
		{41AD8539-BAC5-4DB4-9022-2976B4C020B0}.Debug|Any CPU.Build.0 = Debug|Any CPU
		{41AD8539-BAC5-4DB4-9022-2976B4C020B0}.Release|Any CPU.ActiveCfg = Release|Any CPU
		{41AD8539-BAC5-4DB4-9022-2976B4C020B0}.Release|Any CPU.Build.0 = Release|Any CPU
	EndGlobalSection
	GlobalSection(SolutionProperties) = preSolution
		HideSolutionNode = FALSE
	EndGlobalSection
	GlobalSection(ExtensibilityGlobals) = postSolution
		SolutionGuid = {C9521319-2DC6-4E4F-8B71-BE3AB4436176}
	EndGlobalSection
EndGlobal
