
Microsoft Visual Studio Solution File, Format Version 12.00
# Visual Studio Version 17
VisualStudioVersion = 17.4.33205.214
MinimumVisualStudioVersion = 10.0.40219.1
Project("{FAE04EC0-301F-11D3-BF4B-00C04F79EFBC}") = "Problema07_temperatura", "Problema07_temperatura\Problema07_temperatura.csproj", "{676720F5-AE5F-4620-B5CA-4D5A61E69BF8}"
EndProject
Global
	GlobalSection(SolutionConfigurationPlatforms) = preSolution
		Debug|Any CPU = Debug|Any CPU
		Release|Any CPU = Release|Any CPU
	EndGlobalSection
	GlobalSection(ProjectConfigurationPlatforms) = postSolution
		{676720F5-AE5F-4620-B5CA-4D5A61E69BF8}.Debug|Any CPU.ActiveCfg = Debug|Any CPU
		{676720F5-AE5F-4620-B5CA-4D5A61E69BF8}.Debug|Any CPU.Build.0 = Debug|Any CPU
		{676720F5-AE5F-4620-B5CA-4D5A61E69BF8}.Release|Any CPU.ActiveCfg = Release|Any CPU
		{676720F5-AE5F-4620-B5CA-4D5A61E69BF8}.Release|Any CPU.Build.0 = Release|Any CPU
	EndGlobalSection
	GlobalSection(SolutionProperties) = preSolution
		HideSolutionNode = FALSE
	EndGlobalSection
	GlobalSection(ExtensibilityGlobals) = postSolution
		SolutionGuid = {BF448EF7-6722-4F7D-9EBE-6D8E5703E11F}
	EndGlobalSection
EndGlobal
